# This file is autogenerated, do not edit; changes may be undone by the next 'dep ensure'.


[[projects]]
  name = "github.com/jordan-wright/email"
  packages = ["."]
  revision = "94ae17dedda217a49e3b47d68f1b54b3c946e16b"
  version = "v3.0"

[[projects]]
  name = "github.com/urfave/cli"
  packages = ["."]
  revision = "cfb38830724cc34fedffe9a2a29fb54fa9169cd1"
  version = "v1.20.0"

[solve-meta]
  analyzer-name = "dep"
  analyzer-version = 1
  inputs-digest = "e7bfa867fcdd063f58b6396174322991e2ae3389ae7883d41d2a068f070695cc"
  solver-name = "gps-cdcl"
  solver-version = 1
